
Microsoft Visual Studio Solution File, Format Version 12.00
# Visual Studio Version 16
VisualStudioVersion = 16.0.29709.97
MinimumVisualStudioVersion = 10.0.40219.1
Project("{9A19103F-16F7-4668-BE54-9A1E7A4F7556}") = "SafeguardDevOpsService", "SafeguardDevOpsService\SafeguardDevOpsService.csproj", "{60B8D62D-E862-46C3-AB7A-94C746F6F65B}"
	ProjectSection(ProjectDependencies) = postProject
		{28C04737-8B6D-4F2C-8251-918AA2347309} = {28C04737-8B6D-4F2C-8251-918AA2347309}
		{C9D5BD86-F2E3-40AA-AE97-0BE505B70973} = {C9D5BD86-F2E3-40AA-AE97-0BE505B70973}
		{C208CAA2-B312-4CBB-864D-7DFF4673140F} = {C208CAA2-B312-4CBB-864D-7DFF4673140F}
	EndProjectSection
EndProject
Project("{9A19103F-16F7-4668-BE54-9A1E7A4F7556}") = "DevOpsPluginCommon", "DevOpsPluginCommon\DevOpsPluginCommon.csproj", "{CC2EAD07-8C0D-42D7-9E3C-5A401996E240}"
EndProject
Project("{9A19103F-16F7-4668-BE54-9A1E7A4F7556}") = "HashiCorpVault", "ExternalPlugins\HashiCorpVault\HashiCorpVault.csproj", "{C208CAA2-B312-4CBB-864D-7DFF4673140F}"
EndProject
Project("{9A19103F-16F7-4668-BE54-9A1E7A4F7556}") = "AzureKeyVault", "ExternalPlugins\AzureKeyVault\AzureKeyVault.csproj", "{28C04737-8B6D-4F2C-8251-918AA2347309}"
EndProject
Project("{9A19103F-16F7-4668-BE54-9A1E7A4F7556}") = "KubernetesSecrets", "ExternalPlugins\KubernetesSecrets\KubernetesSecrets.csproj", "{C9D5BD86-F2E3-40AA-AE97-0BE505B70973}"
EndProject
Project("{2150E333-8FDC-42A3-9474-1A3956D46DE8}") = "ExternalPlugins", "ExternalPlugins", "{0A551322-33E5-4401-BB8A-5A54BC87EB87}"
EndProject
Project("{930C7802-8A8C-48F9-8165-68863BCCD9DD}") = "SetupSafeguardDevOpsService", "SafeguardDevOpsServiceWix\SetupSafeguardDevOpsService.wixproj", "{79AB1FDC-B831-4A99-992B-26A383C49BDF}"
EndProject
Project("{9A19103F-16F7-4668-BE54-9A1E7A4F7556}") = "SmsTextEmail", "ExternalPlugins\SmsTextEmail\SmsTextEmail.csproj", "{7CE7EFD8-88A6-48F3-9DD0-738529B07070}"
EndProject
Project("{9A19103F-16F7-4668-BE54-9A1E7A4F7556}") = "JenkinsSecrets", "ExternalPlugins\JenkinsSecrets\JenkinsSecrets.csproj", "{B4702447-110E-4560-86E6-15B328EB4BB2}"
EndProject
Global
	GlobalSection(SolutionConfigurationPlatforms) = preSolution
		Debug|x64 = Debug|x64
		Release|x64 = Release|x64
	EndGlobalSection
	GlobalSection(ProjectConfigurationPlatforms) = postSolution
		{60B8D62D-E862-46C3-AB7A-94C746F6F65B}.Debug|x64.ActiveCfg = Debug|x64
		{60B8D62D-E862-46C3-AB7A-94C746F6F65B}.Debug|x64.ActiveCfg = Debug|x64
		{60B8D62D-E862-46C3-AB7A-94C746F6F65B}.Debug|x64.Build.0 = Debug|x64
		{60B8D62D-E862-46C3-AB7A-94C746F6F65B}.Release|x64.ActiveCfg = Release|x64
		{60B8D62D-E862-46C3-AB7A-94C746F6F65B}.Release|x64.ActiveCfg = Release|x64
		{60B8D62D-E862-46C3-AB7A-94C746F6F65B}.Release|x64.Build.0 = Release|x64
		{CC2EAD07-8C0D-42D7-9E3C-5A401996E240}.Debug|x64.ActiveCfg = Debug|x64
		{CC2EAD07-8C0D-42D7-9E3C-5A401996E240}.Debug|x64.ActiveCfg = Debug|x64
		{CC2EAD07-8C0D-42D7-9E3C-5A401996E240}.Debug|x64.Build.0 = Debug|x64
		{CC2EAD07-8C0D-42D7-9E3C-5A401996E240}.Release|x64.ActiveCfg = Release|x64
		{CC2EAD07-8C0D-42D7-9E3C-5A401996E240}.Release|x64.ActiveCfg = Release|x64
		{CC2EAD07-8C0D-42D7-9E3C-5A401996E240}.Release|x64.Build.0 = Release|x64
		{C208CAA2-B312-4CBB-864D-7DFF4673140F}.Debug|x64.ActiveCfg = Debug|x64
		{C208CAA2-B312-4CBB-864D-7DFF4673140F}.Debug|x64.ActiveCfg = Debug|x64
		{C208CAA2-B312-4CBB-864D-7DFF4673140F}.Debug|x64.Build.0 = Debug|x64
		{C208CAA2-B312-4CBB-864D-7DFF4673140F}.Release|x64.ActiveCfg = Release|x64
		{C208CAA2-B312-4CBB-864D-7DFF4673140F}.Release|x64.ActiveCfg = Release|x64
		{C208CAA2-B312-4CBB-864D-7DFF4673140F}.Release|x64.Build.0 = Release|x64
		{28C04737-8B6D-4F2C-8251-918AA2347309}.Debug|x64.ActiveCfg = Debug|x64
		{28C04737-8B6D-4F2C-8251-918AA2347309}.Debug|x64.ActiveCfg = Debug|x64
		{28C04737-8B6D-4F2C-8251-918AA2347309}.Debug|x64.Build.0 = Debug|x64
		{28C04737-8B6D-4F2C-8251-918AA2347309}.Release|x64.ActiveCfg = Release|x64
		{28C04737-8B6D-4F2C-8251-918AA2347309}.Release|x64.ActiveCfg = Release|x64
		{28C04737-8B6D-4F2C-8251-918AA2347309}.Release|x64.Build.0 = Release|x64
		{C9D5BD86-F2E3-40AA-AE97-0BE505B70973}.Debug|x64.ActiveCfg = Debug|x64
		{C9D5BD86-F2E3-40AA-AE97-0BE505B70973}.Debug|x64.ActiveCfg = Debug|x64
		{C9D5BD86-F2E3-40AA-AE97-0BE505B70973}.Debug|x64.Build.0 = Debug|x64
		{C9D5BD86-F2E3-40AA-AE97-0BE505B70973}.Release|x64.ActiveCfg = Release|x64
		{C9D5BD86-F2E3-40AA-AE97-0BE505B70973}.Release|x64.ActiveCfg = Release|x64
		{C9D5BD86-F2E3-40AA-AE97-0BE505B70973}.Release|x64.Build.0 = Release|x64
		{79AB1FDC-B831-4A99-992B-26A383C49BDF}.Debug|x64.ActiveCfg = Debug|x64
		{79AB1FDC-B831-4A99-992B-26A383C49BDF}.Debug|x64.ActiveCfg = Debug|x64
		{79AB1FDC-B831-4A99-992B-26A383C49BDF}.Release|x64.ActiveCfg = Release|x64
		{79AB1FDC-B831-4A99-992B-26A383C49BDF}.Release|x64.ActiveCfg = Release|x64
		{7CE7EFD8-88A6-48F3-9DD0-738529B07070}.Debug|x64.ActiveCfg = Debug|x64
		{7CE7EFD8-88A6-48F3-9DD0-738529B07070}.Debug|x64.ActiveCfg = Debug|x64
		{7CE7EFD8-88A6-48F3-9DD0-738529B07070}.Debug|x64.Build.0 = Debug|x64
		{7CE7EFD8-88A6-48F3-9DD0-738529B07070}.Release|x64.ActiveCfg = Release|x64
		{7CE7EFD8-88A6-48F3-9DD0-738529B07070}.Release|x64.ActiveCfg = Release|x64
		{7CE7EFD8-88A6-48F3-9DD0-738529B07070}.Release|x64.Build.0 = Release|x64
		{B4702447-110E-4560-86E6-15B328EB4BB2}.Debug|x64.ActiveCfg = Debug|x64
		{B4702447-110E-4560-86E6-15B328EB4BB2}.Debug|x64.ActiveCfg = Debug|x64
		{B4702447-110E-4560-86E6-15B328EB4BB2}.Debug|x64.Build.0 = Debug|x64
		{B4702447-110E-4560-86E6-15B328EB4BB2}.Release|x64.ActiveCfg = Release|x64
		{B4702447-110E-4560-86E6-15B328EB4BB2}.Release|x64.ActiveCfg = Release|x64
		{B4702447-110E-4560-86E6-15B328EB4BB2}.Release|x64.Build.0 = Release|x64
	EndGlobalSection
	GlobalSection(SolutionProperties) = preSolution
		HideSolutionNode = FALSE
	EndGlobalSection
	GlobalSection(NestedProjects) = preSolution
		{C208CAA2-B312-4CBB-864D-7DFF4673140F} = {0A551322-33E5-4401-BB8A-5A54BC87EB87}
		{28C04737-8B6D-4F2C-8251-918AA2347309} = {0A551322-33E5-4401-BB8A-5A54BC87EB87}
		{C9D5BD86-F2E3-40AA-AE97-0BE505B70973} = {0A551322-33E5-4401-BB8A-5A54BC87EB87}
		{7CE7EFD8-88A6-48F3-9DD0-738529B07070} = {0A551322-33E5-4401-BB8A-5A54BC87EB87}
		{B4702447-110E-4560-86E6-15B328EB4BB2} = {0A551322-33E5-4401-BB8A-5A54BC87EB87}
	EndGlobalSection
	GlobalSection(ExtensibilityGlobals) = postSolution
		SolutionGuid = {80DE22D2-799B-4F47-9FE5-2ACC4B0E94D8}
	EndGlobalSection
EndGlobal
