
Microsoft Visual Studio Solution File, Format Version 12.00
# Visual Studio 15
VisualStudioVersion = 15.0.28307.757
MinimumVisualStudioVersion = 10.0.40219.1
Project("{9A19103F-16F7-4668-BE54-9A1E7A4F7556}") = "SafeguardDevOpsService", "SafeguardDevOpsService\SafeguardDevOpsService.csproj", "{60B8D62D-E862-46C3-AB7A-94C746F6F65B}"
	ProjectSection(ProjectDependencies) = postProject
		{28C04737-8B6D-4F2C-8251-918AA2347309} = {28C04737-8B6D-4F2C-8251-918AA2347309}
		{C9D5BD86-F2E3-40AA-AE97-0BE505B70973} = {C9D5BD86-F2E3-40AA-AE97-0BE505B70973}
		{C208CAA2-B312-4CBB-864D-7DFF4673140F} = {C208CAA2-B312-4CBB-864D-7DFF4673140F}
		{22B1DCC3-9022-4276-85B9-E150B9934115} = {22B1DCC3-9022-4276-85B9-E150B9934115}
	EndProjectSection
EndProject
Project("{9A19103F-16F7-4668-BE54-9A1E7A4F7556}") = "Common", "Common\Common.csproj", "{CC2EAD07-8C0D-42D7-9E3C-5A401996E240}"
EndProject
Project("{9A19103F-16F7-4668-BE54-9A1E7A4F7556}") = "SafeguardDevOpsPluginTerraForm", "ExternalPlugins\SafeguardDevOpsPluginTerraForm\SafeguardDevOpsPluginTerraForm.csproj", "{22B1DCC3-9022-4276-85B9-E150B9934115}"
EndProject
Project("{9A19103F-16F7-4668-BE54-9A1E7A4F7556}") = "HashiCorp", "ExternalPlugins\HasiCorp\HashiCorp.csproj", "{C208CAA2-B312-4CBB-864D-7DFF4673140F}"
EndProject
Project("{9A19103F-16F7-4668-BE54-9A1E7A4F7556}") = "TestPlugins", "ExternalPlugins\TestPlugins\TestPlugins.csproj", "{9F40690E-5CAE-45EC-8047-408D35D4FC50}"
EndProject
Project("{9A19103F-16F7-4668-BE54-9A1E7A4F7556}") = "AzureKeyVault", "ExternalPlugins\AzureKeyVault\AzureKeyVault.csproj", "{28C04737-8B6D-4F2C-8251-918AA2347309}"
EndProject
Project("{9A19103F-16F7-4668-BE54-9A1E7A4F7556}") = "KubernetesVault", "ExternalPlugins\KubernetesVault\KubernetesVault.csproj", "{C9D5BD86-F2E3-40AA-AE97-0BE505B70973}"
EndProject
Global
	GlobalSection(SolutionConfigurationPlatforms) = preSolution
		Debug|Any CPU = Debug|Any CPU
		Release|Any CPU = Release|Any CPU
	EndGlobalSection
	GlobalSection(ProjectConfigurationPlatforms) = postSolution
		{60B8D62D-E862-46C3-AB7A-94C746F6F65B}.Debug|Any CPU.ActiveCfg = Debug|Any CPU
		{60B8D62D-E862-46C3-AB7A-94C746F6F65B}.Debug|Any CPU.Build.0 = Debug|Any CPU
		{60B8D62D-E862-46C3-AB7A-94C746F6F65B}.Release|Any CPU.ActiveCfg = Release|Any CPU
		{60B8D62D-E862-46C3-AB7A-94C746F6F65B}.Release|Any CPU.Build.0 = Release|Any CPU
		{CC2EAD07-8C0D-42D7-9E3C-5A401996E240}.Debug|Any CPU.ActiveCfg = Debug|Any CPU
		{CC2EAD07-8C0D-42D7-9E3C-5A401996E240}.Debug|Any CPU.Build.0 = Debug|Any CPU
		{CC2EAD07-8C0D-42D7-9E3C-5A401996E240}.Release|Any CPU.ActiveCfg = Release|Any CPU
		{CC2EAD07-8C0D-42D7-9E3C-5A401996E240}.Release|Any CPU.Build.0 = Release|Any CPU
		{22B1DCC3-9022-4276-85B9-E150B9934115}.Debug|Any CPU.ActiveCfg = Debug|Any CPU
		{22B1DCC3-9022-4276-85B9-E150B9934115}.Debug|Any CPU.Build.0 = Debug|Any CPU
		{22B1DCC3-9022-4276-85B9-E150B9934115}.Release|Any CPU.ActiveCfg = Release|Any CPU
		{22B1DCC3-9022-4276-85B9-E150B9934115}.Release|Any CPU.Build.0 = Release|Any CPU
		{C208CAA2-B312-4CBB-864D-7DFF4673140F}.Debug|Any CPU.ActiveCfg = Debug|Any CPU
		{C208CAA2-B312-4CBB-864D-7DFF4673140F}.Debug|Any CPU.Build.0 = Debug|Any CPU
		{C208CAA2-B312-4CBB-864D-7DFF4673140F}.Release|Any CPU.ActiveCfg = Release|Any CPU
		{C208CAA2-B312-4CBB-864D-7DFF4673140F}.Release|Any CPU.Build.0 = Release|Any CPU
		{9F40690E-5CAE-45EC-8047-408D35D4FC50}.Debug|Any CPU.ActiveCfg = Debug|Any CPU
		{9F40690E-5CAE-45EC-8047-408D35D4FC50}.Debug|Any CPU.Build.0 = Debug|Any CPU
		{9F40690E-5CAE-45EC-8047-408D35D4FC50}.Release|Any CPU.ActiveCfg = Release|Any CPU
		{9F40690E-5CAE-45EC-8047-408D35D4FC50}.Release|Any CPU.Build.0 = Release|Any CPU
		{28C04737-8B6D-4F2C-8251-918AA2347309}.Debug|Any CPU.ActiveCfg = Debug|Any CPU
		{28C04737-8B6D-4F2C-8251-918AA2347309}.Debug|Any CPU.Build.0 = Debug|Any CPU
		{28C04737-8B6D-4F2C-8251-918AA2347309}.Release|Any CPU.ActiveCfg = Release|Any CPU
		{28C04737-8B6D-4F2C-8251-918AA2347309}.Release|Any CPU.Build.0 = Release|Any CPU
		{C9D5BD86-F2E3-40AA-AE97-0BE505B70973}.Debug|Any CPU.ActiveCfg = Debug|Any CPU
		{C9D5BD86-F2E3-40AA-AE97-0BE505B70973}.Debug|Any CPU.Build.0 = Debug|Any CPU
		{C9D5BD86-F2E3-40AA-AE97-0BE505B70973}.Release|Any CPU.ActiveCfg = Release|Any CPU
		{C9D5BD86-F2E3-40AA-AE97-0BE505B70973}.Release|Any CPU.Build.0 = Release|Any CPU
	EndGlobalSection
	GlobalSection(SolutionProperties) = preSolution
		HideSolutionNode = FALSE
	EndGlobalSection
	GlobalSection(ExtensibilityGlobals) = postSolution
		SolutionGuid = {80DE22D2-799B-4F47-9FE5-2ACC4B0E94D8}
	EndGlobalSection
EndGlobal
